
Microsoft Visual Studio Solution File, Format Version 12.00
# Visual Studio Version 17
VisualStudioVersion = 17.9.34701.34
MinimumVisualStudioVersion = 10.0.40219.1
Project("{9A19103F-16F7-4668-BE54-9A1E7A4F7556}") = "Rucon", "Rucon\Rucon.csproj", "{994B60B2-38B3-48B8-BE1C-39F1B2D6153C}"
EndProject
Project("{9A19103F-16F7-4668-BE54-9A1E7A4F7556}") = "Fuck", "Fuck\Fuck.csproj", "{CE4D394E-7FD4-41C0-AB1B-19AD7C2E37C0}"
EndProject
Project("{9A19103F-16F7-4668-BE54-9A1E7A4F7556}") = "AuthLib", "AuthLib\AuthLib.csproj", "{8A894C6D-C8E4-4D01-9D45-1D57C4005518}"
EndProject
Project("{9A19103F-16F7-4668-BE54-9A1E7A4F7556}") = "Rukn.Test", "Rukn.Test\Rukn.Test.csproj", "{417FCC89-3075-44CE-B378-B830BCA3CCCE}"
EndProject
Project("{9A19103F-16F7-4668-BE54-9A1E7A4F7556}") = "RucSu", "RucSu\RucSu.csproj", "{6031EC8F-1D40-48A6-9777-EE2821897E9C}"
EndProject
Project("{9A19103F-16F7-4668-BE54-9A1E7A4F7556}") = "Rukn.Data", "Rukn.Data\Rukn.Data.csproj", "{6730E264-4E7B-427F-8C0F-D587C606DAFB}"
EndProject
Project("{9A19103F-16F7-4668-BE54-9A1E7A4F7556}") = "RucSu.DB", "RucSu.DB\RucSu.DB.csproj", "{3D0C1602-9244-4AC2-99B9-BD7ADB6D0144}"
EndProject
Project("{9A19103F-16F7-4668-BE54-9A1E7A4F7556}") = "Rukn.Data.Pretty", "Rukn.Data.Pretty\Rukn.Data.Pretty.csproj", "{D292BAFE-937A-4DB7-B360-74AD1B7D3C86}"
EndProject
Global
	GlobalSection(SolutionConfigurationPlatforms) = preSolution
		Debug|Any CPU = Debug|Any CPU
		Debug|ARM64 = Debug|ARM64
		Debug|x64 = Debug|x64
		Debug|x86 = Debug|x86
		Release|Any CPU = Release|Any CPU
		Release|ARM64 = Release|ARM64
		Release|x64 = Release|x64
		Release|x86 = Release|x86
	EndGlobalSection
	GlobalSection(ProjectConfigurationPlatforms) = postSolution
		{994B60B2-38B3-48B8-BE1C-39F1B2D6153C}.Debug|Any CPU.ActiveCfg = Debug|Any CPU
		{994B60B2-38B3-48B8-BE1C-39F1B2D6153C}.Debug|Any CPU.Build.0 = Debug|Any CPU
		{994B60B2-38B3-48B8-BE1C-39F1B2D6153C}.Debug|ARM64.ActiveCfg = Debug|ARM64
		{994B60B2-38B3-48B8-BE1C-39F1B2D6153C}.Debug|ARM64.Build.0 = Debug|ARM64
		{994B60B2-38B3-48B8-BE1C-39F1B2D6153C}.Debug|x64.ActiveCfg = Debug|Any CPU
		{994B60B2-38B3-48B8-BE1C-39F1B2D6153C}.Debug|x64.Build.0 = Debug|Any CPU
		{994B60B2-38B3-48B8-BE1C-39F1B2D6153C}.Debug|x86.ActiveCfg = Debug|Any CPU
		{994B60B2-38B3-48B8-BE1C-39F1B2D6153C}.Debug|x86.Build.0 = Debug|Any CPU
		{994B60B2-38B3-48B8-BE1C-39F1B2D6153C}.Release|Any CPU.ActiveCfg = Release|Any CPU
		{994B60B2-38B3-48B8-BE1C-39F1B2D6153C}.Release|Any CPU.Build.0 = Release|Any CPU
		{994B60B2-38B3-48B8-BE1C-39F1B2D6153C}.Release|ARM64.ActiveCfg = Release|ARM64
		{994B60B2-38B3-48B8-BE1C-39F1B2D6153C}.Release|ARM64.Build.0 = Release|ARM64
		{994B60B2-38B3-48B8-BE1C-39F1B2D6153C}.Release|x64.ActiveCfg = Release|Any CPU
		{994B60B2-38B3-48B8-BE1C-39F1B2D6153C}.Release|x64.Build.0 = Release|Any CPU
		{994B60B2-38B3-48B8-BE1C-39F1B2D6153C}.Release|x86.ActiveCfg = Release|Any CPU
		{994B60B2-38B3-48B8-BE1C-39F1B2D6153C}.Release|x86.Build.0 = Release|Any CPU
		{CE4D394E-7FD4-41C0-AB1B-19AD7C2E37C0}.Debug|Any CPU.ActiveCfg = Debug|Any CPU
		{CE4D394E-7FD4-41C0-AB1B-19AD7C2E37C0}.Debug|Any CPU.Build.0 = Debug|Any CPU
		{CE4D394E-7FD4-41C0-AB1B-19AD7C2E37C0}.Debug|Any CPU.Deploy.0 = Debug|Any CPU
		{CE4D394E-7FD4-41C0-AB1B-19AD7C2E37C0}.Debug|ARM64.ActiveCfg = Debug|ARM64
		{CE4D394E-7FD4-41C0-AB1B-19AD7C2E37C0}.Debug|ARM64.Build.0 = Debug|ARM64
		{CE4D394E-7FD4-41C0-AB1B-19AD7C2E37C0}.Debug|ARM64.Deploy.0 = Debug|ARM64
		{CE4D394E-7FD4-41C0-AB1B-19AD7C2E37C0}.Debug|x64.ActiveCfg = Debug|Any CPU
		{CE4D394E-7FD4-41C0-AB1B-19AD7C2E37C0}.Debug|x64.Build.0 = Debug|Any CPU
		{CE4D394E-7FD4-41C0-AB1B-19AD7C2E37C0}.Debug|x64.Deploy.0 = Debug|Any CPU
		{CE4D394E-7FD4-41C0-AB1B-19AD7C2E37C0}.Debug|x86.ActiveCfg = Debug|Any CPU
		{CE4D394E-7FD4-41C0-AB1B-19AD7C2E37C0}.Debug|x86.Build.0 = Debug|Any CPU
		{CE4D394E-7FD4-41C0-AB1B-19AD7C2E37C0}.Debug|x86.Deploy.0 = Debug|Any CPU
		{CE4D394E-7FD4-41C0-AB1B-19AD7C2E37C0}.Release|Any CPU.ActiveCfg = Release|Any CPU
		{CE4D394E-7FD4-41C0-AB1B-19AD7C2E37C0}.Release|Any CPU.Build.0 = Release|Any CPU
		{CE4D394E-7FD4-41C0-AB1B-19AD7C2E37C0}.Release|Any CPU.Deploy.0 = Release|Any CPU
		{CE4D394E-7FD4-41C0-AB1B-19AD7C2E37C0}.Release|ARM64.ActiveCfg = Release|ARM64
		{CE4D394E-7FD4-41C0-AB1B-19AD7C2E37C0}.Release|ARM64.Build.0 = Release|ARM64
		{CE4D394E-7FD4-41C0-AB1B-19AD7C2E37C0}.Release|ARM64.Deploy.0 = Release|ARM64
		{CE4D394E-7FD4-41C0-AB1B-19AD7C2E37C0}.Release|x64.ActiveCfg = Release|Any CPU
		{CE4D394E-7FD4-41C0-AB1B-19AD7C2E37C0}.Release|x64.Build.0 = Release|Any CPU
		{CE4D394E-7FD4-41C0-AB1B-19AD7C2E37C0}.Release|x64.Deploy.0 = Release|Any CPU
		{CE4D394E-7FD4-41C0-AB1B-19AD7C2E37C0}.Release|x86.ActiveCfg = Release|Any CPU
		{CE4D394E-7FD4-41C0-AB1B-19AD7C2E37C0}.Release|x86.Build.0 = Release|Any CPU
		{CE4D394E-7FD4-41C0-AB1B-19AD7C2E37C0}.Release|x86.Deploy.0 = Release|Any CPU
		{8A894C6D-C8E4-4D01-9D45-1D57C4005518}.Debug|Any CPU.ActiveCfg = Debug|Any CPU
		{8A894C6D-C8E4-4D01-9D45-1D57C4005518}.Debug|Any CPU.Build.0 = Debug|Any CPU
		{8A894C6D-C8E4-4D01-9D45-1D57C4005518}.Debug|ARM64.ActiveCfg = Debug|Any CPU
		{8A894C6D-C8E4-4D01-9D45-1D57C4005518}.Debug|ARM64.Build.0 = Debug|Any CPU
		{8A894C6D-C8E4-4D01-9D45-1D57C4005518}.Debug|x64.ActiveCfg = Debug|Any CPU
		{8A894C6D-C8E4-4D01-9D45-1D57C4005518}.Debug|x64.Build.0 = Debug|Any CPU
		{8A894C6D-C8E4-4D01-9D45-1D57C4005518}.Debug|x86.ActiveCfg = Debug|Any CPU
		{8A894C6D-C8E4-4D01-9D45-1D57C4005518}.Debug|x86.Build.0 = Debug|Any CPU
		{8A894C6D-C8E4-4D01-9D45-1D57C4005518}.Release|Any CPU.ActiveCfg = Release|Any CPU
		{8A894C6D-C8E4-4D01-9D45-1D57C4005518}.Release|Any CPU.Build.0 = Release|Any CPU
		{8A894C6D-C8E4-4D01-9D45-1D57C4005518}.Release|ARM64.ActiveCfg = Release|Any CPU
		{8A894C6D-C8E4-4D01-9D45-1D57C4005518}.Release|ARM64.Build.0 = Release|Any CPU
		{8A894C6D-C8E4-4D01-9D45-1D57C4005518}.Release|x64.ActiveCfg = Release|Any CPU
		{8A894C6D-C8E4-4D01-9D45-1D57C4005518}.Release|x64.Build.0 = Release|Any CPU
		{8A894C6D-C8E4-4D01-9D45-1D57C4005518}.Release|x86.ActiveCfg = Release|Any CPU
		{8A894C6D-C8E4-4D01-9D45-1D57C4005518}.Release|x86.Build.0 = Release|Any CPU
		{417FCC89-3075-44CE-B378-B830BCA3CCCE}.Debug|Any CPU.ActiveCfg = Debug|Any CPU
		{417FCC89-3075-44CE-B378-B830BCA3CCCE}.Debug|Any CPU.Build.0 = Debug|Any CPU
		{417FCC89-3075-44CE-B378-B830BCA3CCCE}.Debug|ARM64.ActiveCfg = Debug|Any CPU
		{417FCC89-3075-44CE-B378-B830BCA3CCCE}.Debug|ARM64.Build.0 = Debug|Any CPU
		{417FCC89-3075-44CE-B378-B830BCA3CCCE}.Debug|x64.ActiveCfg = Debug|Any CPU
		{417FCC89-3075-44CE-B378-B830BCA3CCCE}.Debug|x64.Build.0 = Debug|Any CPU
		{417FCC89-3075-44CE-B378-B830BCA3CCCE}.Debug|x86.ActiveCfg = Debug|Any CPU
		{417FCC89-3075-44CE-B378-B830BCA3CCCE}.Debug|x86.Build.0 = Debug|Any CPU
		{417FCC89-3075-44CE-B378-B830BCA3CCCE}.Release|Any CPU.ActiveCfg = Release|Any CPU
		{417FCC89-3075-44CE-B378-B830BCA3CCCE}.Release|Any CPU.Build.0 = Release|Any CPU
		{417FCC89-3075-44CE-B378-B830BCA3CCCE}.Release|ARM64.ActiveCfg = Release|Any CPU
		{417FCC89-3075-44CE-B378-B830BCA3CCCE}.Release|ARM64.Build.0 = Release|Any CPU
		{417FCC89-3075-44CE-B378-B830BCA3CCCE}.Release|x64.ActiveCfg = Release|Any CPU
		{417FCC89-3075-44CE-B378-B830BCA3CCCE}.Release|x64.Build.0 = Release|Any CPU
		{417FCC89-3075-44CE-B378-B830BCA3CCCE}.Release|x86.ActiveCfg = Release|Any CPU
		{417FCC89-3075-44CE-B378-B830BCA3CCCE}.Release|x86.Build.0 = Release|Any CPU
		{6031EC8F-1D40-48A6-9777-EE2821897E9C}.Debug|Any CPU.ActiveCfg = Debug|Any CPU
		{6031EC8F-1D40-48A6-9777-EE2821897E9C}.Debug|Any CPU.Build.0 = Debug|Any CPU
		{6031EC8F-1D40-48A6-9777-EE2821897E9C}.Debug|ARM64.ActiveCfg = Debug|Any CPU
		{6031EC8F-1D40-48A6-9777-EE2821897E9C}.Debug|ARM64.Build.0 = Debug|Any CPU
		{6031EC8F-1D40-48A6-9777-EE2821897E9C}.Debug|x64.ActiveCfg = Debug|Any CPU
		{6031EC8F-1D40-48A6-9777-EE2821897E9C}.Debug|x64.Build.0 = Debug|Any CPU
		{6031EC8F-1D40-48A6-9777-EE2821897E9C}.Debug|x86.ActiveCfg = Debug|Any CPU
		{6031EC8F-1D40-48A6-9777-EE2821897E9C}.Debug|x86.Build.0 = Debug|Any CPU
		{6031EC8F-1D40-48A6-9777-EE2821897E9C}.Release|Any CPU.ActiveCfg = Release|Any CPU
		{6031EC8F-1D40-48A6-9777-EE2821897E9C}.Release|Any CPU.Build.0 = Release|Any CPU
		{6031EC8F-1D40-48A6-9777-EE2821897E9C}.Release|ARM64.ActiveCfg = Release|Any CPU
		{6031EC8F-1D40-48A6-9777-EE2821897E9C}.Release|ARM64.Build.0 = Release|Any CPU
		{6031EC8F-1D40-48A6-9777-EE2821897E9C}.Release|x64.ActiveCfg = Release|Any CPU
		{6031EC8F-1D40-48A6-9777-EE2821897E9C}.Release|x64.Build.0 = Release|Any CPU
		{6031EC8F-1D40-48A6-9777-EE2821897E9C}.Release|x86.ActiveCfg = Release|Any CPU
		{6031EC8F-1D40-48A6-9777-EE2821897E9C}.Release|x86.Build.0 = Release|Any CPU
		{6730E264-4E7B-427F-8C0F-D587C606DAFB}.Debug|Any CPU.ActiveCfg = Debug|Any CPU
		{6730E264-4E7B-427F-8C0F-D587C606DAFB}.Debug|Any CPU.Build.0 = Debug|Any CPU
		{6730E264-4E7B-427F-8C0F-D587C606DAFB}.Debug|ARM64.ActiveCfg = Debug|Any CPU
		{6730E264-4E7B-427F-8C0F-D587C606DAFB}.Debug|ARM64.Build.0 = Debug|Any CPU
		{6730E264-4E7B-427F-8C0F-D587C606DAFB}.Debug|x64.ActiveCfg = Debug|Any CPU
		{6730E264-4E7B-427F-8C0F-D587C606DAFB}.Debug|x64.Build.0 = Debug|Any CPU
		{6730E264-4E7B-427F-8C0F-D587C606DAFB}.Debug|x86.ActiveCfg = Debug|Any CPU
		{6730E264-4E7B-427F-8C0F-D587C606DAFB}.Debug|x86.Build.0 = Debug|Any CPU
		{6730E264-4E7B-427F-8C0F-D587C606DAFB}.Release|Any CPU.ActiveCfg = Release|Any CPU
		{6730E264-4E7B-427F-8C0F-D587C606DAFB}.Release|Any CPU.Build.0 = Release|Any CPU
		{6730E264-4E7B-427F-8C0F-D587C606DAFB}.Release|ARM64.ActiveCfg = Release|Any CPU
		{6730E264-4E7B-427F-8C0F-D587C606DAFB}.Release|ARM64.Build.0 = Release|Any CPU
		{6730E264-4E7B-427F-8C0F-D587C606DAFB}.Release|x64.ActiveCfg = Release|Any CPU
		{6730E264-4E7B-427F-8C0F-D587C606DAFB}.Release|x64.Build.0 = Release|Any CPU
		{6730E264-4E7B-427F-8C0F-D587C606DAFB}.Release|x86.ActiveCfg = Release|Any CPU
		{6730E264-4E7B-427F-8C0F-D587C606DAFB}.Release|x86.Build.0 = Release|Any CPU
		{3D0C1602-9244-4AC2-99B9-BD7ADB6D0144}.Debug|Any CPU.ActiveCfg = Debug|Any CPU
		{3D0C1602-9244-4AC2-99B9-BD7ADB6D0144}.Debug|Any CPU.Build.0 = Debug|Any CPU
		{3D0C1602-9244-4AC2-99B9-BD7ADB6D0144}.Debug|ARM64.ActiveCfg = Debug|Any CPU
		{3D0C1602-9244-4AC2-99B9-BD7ADB6D0144}.Debug|ARM64.Build.0 = Debug|Any CPU
		{3D0C1602-9244-4AC2-99B9-BD7ADB6D0144}.Debug|x64.ActiveCfg = Debug|Any CPU
		{3D0C1602-9244-4AC2-99B9-BD7ADB6D0144}.Debug|x64.Build.0 = Debug|Any CPU
		{3D0C1602-9244-4AC2-99B9-BD7ADB6D0144}.Debug|x86.ActiveCfg = Debug|Any CPU
		{3D0C1602-9244-4AC2-99B9-BD7ADB6D0144}.Debug|x86.Build.0 = Debug|Any CPU
		{3D0C1602-9244-4AC2-99B9-BD7ADB6D0144}.Release|Any CPU.ActiveCfg = Release|Any CPU
		{3D0C1602-9244-4AC2-99B9-BD7ADB6D0144}.Release|Any CPU.Build.0 = Release|Any CPU
		{3D0C1602-9244-4AC2-99B9-BD7ADB6D0144}.Release|ARM64.ActiveCfg = Release|Any CPU
		{3D0C1602-9244-4AC2-99B9-BD7ADB6D0144}.Release|ARM64.Build.0 = Release|Any CPU
		{3D0C1602-9244-4AC2-99B9-BD7ADB6D0144}.Release|x64.ActiveCfg = Release|Any CPU
		{3D0C1602-9244-4AC2-99B9-BD7ADB6D0144}.Release|x64.Build.0 = Release|Any CPU
		{3D0C1602-9244-4AC2-99B9-BD7ADB6D0144}.Release|x86.ActiveCfg = Release|Any CPU
		{3D0C1602-9244-4AC2-99B9-BD7ADB6D0144}.Release|x86.Build.0 = Release|Any CPU
		{D292BAFE-937A-4DB7-B360-74AD1B7D3C86}.Debug|Any CPU.ActiveCfg = Debug|Any CPU
		{D292BAFE-937A-4DB7-B360-74AD1B7D3C86}.Debug|Any CPU.Build.0 = Debug|Any CPU
		{D292BAFE-937A-4DB7-B360-74AD1B7D3C86}.Debug|ARM64.ActiveCfg = Debug|Any CPU
		{D292BAFE-937A-4DB7-B360-74AD1B7D3C86}.Debug|ARM64.Build.0 = Debug|Any CPU
		{D292BAFE-937A-4DB7-B360-74AD1B7D3C86}.Debug|x64.ActiveCfg = Debug|Any CPU
		{D292BAFE-937A-4DB7-B360-74AD1B7D3C86}.Debug|x64.Build.0 = Debug|Any CPU
		{D292BAFE-937A-4DB7-B360-74AD1B7D3C86}.Debug|x86.ActiveCfg = Debug|Any CPU
		{D292BAFE-937A-4DB7-B360-74AD1B7D3C86}.Debug|x86.Build.0 = Debug|Any CPU
		{D292BAFE-937A-4DB7-B360-74AD1B7D3C86}.Release|Any CPU.ActiveCfg = Release|Any CPU
		{D292BAFE-937A-4DB7-B360-74AD1B7D3C86}.Release|Any CPU.Build.0 = Release|Any CPU
		{D292BAFE-937A-4DB7-B360-74AD1B7D3C86}.Release|ARM64.ActiveCfg = Release|Any CPU
		{D292BAFE-937A-4DB7-B360-74AD1B7D3C86}.Release|ARM64.Build.0 = Release|Any CPU
		{D292BAFE-937A-4DB7-B360-74AD1B7D3C86}.Release|x64.ActiveCfg = Release|Any CPU
		{D292BAFE-937A-4DB7-B360-74AD1B7D3C86}.Release|x64.Build.0 = Release|Any CPU
		{D292BAFE-937A-4DB7-B360-74AD1B7D3C86}.Release|x86.ActiveCfg = Release|Any CPU
		{D292BAFE-937A-4DB7-B360-74AD1B7D3C86}.Release|x86.Build.0 = Release|Any CPU
	EndGlobalSection
	GlobalSection(SolutionProperties) = preSolution
		HideSolutionNode = FALSE
	EndGlobalSection
	GlobalSection(ExtensibilityGlobals) = postSolution
		SolutionGuid = {31742C20-8475-4015-BE82-BEE9CCE47B98}
	EndGlobalSection
EndGlobal
